
Microsoft Visual Studio Solution File, Format Version 12.00
# Visual Studio Version 17
VisualStudioVersion = 17.7.34031.279
MinimumVisualStudioVersion = 10.0.40219.1
Project("{FAE04EC0-301F-11D3-BF4B-00C04F79EFBC}") = "DB_Context", "DB_Context\DB_Context.csproj", "{5F15A25E-9960-4D66-8B5E-279409F7EEB1}"
EndProject
Global
	GlobalSection(SolutionConfigurationPlatforms) = preSolution
		Debug|Any CPU = Debug|Any CPU
		Release|Any CPU = Release|Any CPU
	EndGlobalSection
	GlobalSection(ProjectConfigurationPlatforms) = postSolution
		{5F15A25E-9960-4D66-8B5E-279409F7EEB1}.Debug|Any CPU.ActiveCfg = Debug|Any CPU
		{5F15A25E-9960-4D66-8B5E-279409F7EEB1}.Debug|Any CPU.Build.0 = Debug|Any CPU
		{5F15A25E-9960-4D66-8B5E-279409F7EEB1}.Release|Any CPU.ActiveCfg = Release|Any CPU
		{5F15A25E-9960-4D66-8B5E-279409F7EEB1}.Release|Any CPU.Build.0 = Release|Any CPU
	EndGlobalSection
	GlobalSection(SolutionProperties) = preSolution
		HideSolutionNode = FALSE
	EndGlobalSection
	GlobalSection(ExtensibilityGlobals) = postSolution
		SolutionGuid = {361ABFDC-0A01-4C10-A9EB-1261D99DE7E8}
	EndGlobalSection
EndGlobal
